
Microsoft Visual Studio Solution File, Format Version 12.00
# Visual Studio Version 16
VisualStudioVersion = 16.0.32228.343
MinimumVisualStudioVersion = 10.0.40219.1
Project("{8BC9CEB8-8B4A-11D0-8D11-00A0C91BC942}") = "Practica3_FAA", "Practica3_FAA.vcxproj", "{5307B822-B798-408D-A2D2-BC69E56266A6}"
EndProject
Global
	GlobalSection(SolutionConfigurationPlatforms) = preSolution
		Debug|x64 = Debug|x64
		Debug|x86 = Debug|x86
		Release|x64 = Release|x64
		Release|x86 = Release|x86
	EndGlobalSection
	GlobalSection(ProjectConfigurationPlatforms) = postSolution
		{5307B822-B798-408D-A2D2-BC69E56266A6}.Debug|x64.ActiveCfg = Debug|x64
		{5307B822-B798-408D-A2D2-BC69E56266A6}.Debug|x64.Build.0 = Debug|x64
		{5307B822-B798-408D-A2D2-BC69E56266A6}.Debug|x86.ActiveCfg = Debug|Win32
		{5307B822-B798-408D-A2D2-BC69E56266A6}.Debug|x86.Build.0 = Debug|Win32
		{5307B822-B798-408D-A2D2-BC69E56266A6}.Release|x64.ActiveCfg = Release|x64
		{5307B822-B798-408D-A2D2-BC69E56266A6}.Release|x64.Build.0 = Release|x64
		{5307B822-B798-408D-A2D2-BC69E56266A6}.Release|x86.ActiveCfg = Release|Win32
		{5307B822-B798-408D-A2D2-BC69E56266A6}.Release|x86.Build.0 = Release|Win32
	EndGlobalSection
	GlobalSection(SolutionProperties) = preSolution
		HideSolutionNode = FALSE
	EndGlobalSection
	GlobalSection(ExtensibilityGlobals) = postSolution
		SolutionGuid = {E3A56299-DC48-4F9C-8E4D-46479AF41C00}
	EndGlobalSection
EndGlobal
